
Microsoft Visual Studio Solution File, Format Version 12.00
# Visual Studio Version 17
VisualStudioVersion = 17.13.35919.96 d17.13
MinimumVisualStudioVersion = 10.0.40219.1
Project("{FAE04EC0-301F-11D3-BF4B-00C04F79EFBC}") = "Zukwaz.CSharp.MvvmGenerator", "Zukwaz.CSharp.MvvmGenerator\Zukwaz.CSharp.MvvmGenerator.csproj", "{3AF3F569-0A94-48AB-AA3C-2CC4F3F53750}"
EndProject
Global
	GlobalSection(SolutionConfigurationPlatforms) = preSolution
		Debug|Any CPU = Debug|Any CPU
		Release|Any CPU = Release|Any CPU
	EndGlobalSection
	GlobalSection(ProjectConfigurationPlatforms) = postSolution
		{3AF3F569-0A94-48AB-AA3C-2CC4F3F53750}.Debug|Any CPU.ActiveCfg = Debug|Any CPU
		{3AF3F569-0A94-48AB-AA3C-2CC4F3F53750}.Debug|Any CPU.Build.0 = Debug|Any CPU
		{3AF3F569-0A94-48AB-AA3C-2CC4F3F53750}.Release|Any CPU.ActiveCfg = Release|Any CPU
		{3AF3F569-0A94-48AB-AA3C-2CC4F3F53750}.Release|Any CPU.Build.0 = Release|Any CPU
	EndGlobalSection
	GlobalSection(SolutionProperties) = preSolution
		HideSolutionNode = FALSE
	EndGlobalSection
	GlobalSection(ExtensibilityGlobals) = postSolution
		SolutionGuid = {43A55E63-2092-4CE6-96FC-4C10C698BBD6}
	EndGlobalSection
EndGlobal
